
Microsoft Visual Studio Solution File, Format Version 12.00
# Visual Studio 15
Project("{FAE04EC0-301F-11D3-BF4B-00C04F79EFBC}") = "Assembly-CSharp", "Assembly-CSharp.csproj", "{B27B956F-F50E-368F-23E3-658D25C0E725}"
EndProject
Project("{FAE04EC0-301F-11D3-BF4B-00C04F79EFBC}") = "Unity.Recorder", "Unity.Recorder.csproj", "{16A1B096-AF68-5FA6-235C-3BE25232FC07}"
EndProject
Project("{FAE04EC0-301F-11D3-BF4B-00C04F79EFBC}") = "Unity.Recorder.Samples", "Unity.Recorder.Samples.csproj", "{7FA73CD7-0375-1756-1161-AEC68BD9DE4B}"
EndProject
Project("{FAE04EC0-301F-11D3-BF4B-00C04F79EFBC}") = "Unity.Recorder.Editor", "Unity.Recorder.Editor.csproj", "{E122B9AC-2543-97B5-7F3D-D2FD8629DD1D}"
EndProject
Global
	GlobalSection(SolutionConfigurationPlatforms) = preSolution
		Debug|Any CPU = Debug|Any CPU
		Release|Any CPU = Release|Any CPU
	EndGlobalSection
	GlobalSection(ProjectConfigurationPlatforms) = postSolution
		{B27B956F-F50E-368F-23E3-658D25C0E725}.Debug|Any CPU.ActiveCfg = Debug|Any CPU
		{B27B956F-F50E-368F-23E3-658D25C0E725}.Debug|Any CPU.Build.0 = Debug|Any CPU
		{B27B956F-F50E-368F-23E3-658D25C0E725}.Release|Any CPU.ActiveCfg = Release|Any CPU
		{B27B956F-F50E-368F-23E3-658D25C0E725}.Release|Any CPU.Build.0 = Release|Any CPU
		{16A1B096-AF68-5FA6-235C-3BE25232FC07}.Debug|Any CPU.ActiveCfg = Debug|Any CPU
		{16A1B096-AF68-5FA6-235C-3BE25232FC07}.Debug|Any CPU.Build.0 = Debug|Any CPU
		{16A1B096-AF68-5FA6-235C-3BE25232FC07}.Release|Any CPU.ActiveCfg = Release|Any CPU
		{16A1B096-AF68-5FA6-235C-3BE25232FC07}.Release|Any CPU.Build.0 = Release|Any CPU
		{7FA73CD7-0375-1756-1161-AEC68BD9DE4B}.Debug|Any CPU.ActiveCfg = Debug|Any CPU
		{7FA73CD7-0375-1756-1161-AEC68BD9DE4B}.Debug|Any CPU.Build.0 = Debug|Any CPU
		{7FA73CD7-0375-1756-1161-AEC68BD9DE4B}.Release|Any CPU.ActiveCfg = Release|Any CPU
		{7FA73CD7-0375-1756-1161-AEC68BD9DE4B}.Release|Any CPU.Build.0 = Release|Any CPU
		{E122B9AC-2543-97B5-7F3D-D2FD8629DD1D}.Debug|Any CPU.ActiveCfg = Debug|Any CPU
		{E122B9AC-2543-97B5-7F3D-D2FD8629DD1D}.Debug|Any CPU.Build.0 = Debug|Any CPU
		{E122B9AC-2543-97B5-7F3D-D2FD8629DD1D}.Release|Any CPU.ActiveCfg = Release|Any CPU
		{E122B9AC-2543-97B5-7F3D-D2FD8629DD1D}.Release|Any CPU.Build.0 = Release|Any CPU
	EndGlobalSection
	GlobalSection(SolutionProperties) = preSolution
		HideSolutionNode = FALSE
	EndGlobalSection
EndGlobal
