
Microsoft Visual Studio Solution File, Format Version 12.00
# Visual Studio 15
Project("{FAE04EC0-301F-11D3-BF4B-00C04F79EFBC}") = "Assembly-CSharp", "Assembly-CSharp.csproj", "{84722F86-CA8D-EEE6-2270-FBFE9DB14F2D}"
EndProject
Project("{FAE04EC0-301F-11D3-BF4B-00C04F79EFBC}") = "Unity.Recorder", "Unity.Recorder.csproj", "{D7E23812-906D-7A10-978D-27F3E14781E9}"
EndProject
Project("{FAE04EC0-301F-11D3-BF4B-00C04F79EFBC}") = "Unity.Recorder.Samples", "Unity.Recorder.Samples.csproj", "{352B579D-DD31-CC49-06A7-3D0F656ECC54}"
EndProject
Project("{FAE04EC0-301F-11D3-BF4B-00C04F79EFBC}") = "Unity.Recorder.Editor", "Unity.Recorder.Editor.csproj", "{80825FA1-08BF-23D5-F2C8-3FBCE86F84DC}"
EndProject
Global
	GlobalSection(SolutionConfigurationPlatforms) = preSolution
		Debug|Any CPU = Debug|Any CPU
		Release|Any CPU = Release|Any CPU
	EndGlobalSection
	GlobalSection(ProjectConfigurationPlatforms) = postSolution
		{84722F86-CA8D-EEE6-2270-FBFE9DB14F2D}.Debug|Any CPU.ActiveCfg = Debug|Any CPU
		{84722F86-CA8D-EEE6-2270-FBFE9DB14F2D}.Debug|Any CPU.Build.0 = Debug|Any CPU
		{84722F86-CA8D-EEE6-2270-FBFE9DB14F2D}.Release|Any CPU.ActiveCfg = Release|Any CPU
		{84722F86-CA8D-EEE6-2270-FBFE9DB14F2D}.Release|Any CPU.Build.0 = Release|Any CPU
		{D7E23812-906D-7A10-978D-27F3E14781E9}.Debug|Any CPU.ActiveCfg = Debug|Any CPU
		{D7E23812-906D-7A10-978D-27F3E14781E9}.Debug|Any CPU.Build.0 = Debug|Any CPU
		{D7E23812-906D-7A10-978D-27F3E14781E9}.Release|Any CPU.ActiveCfg = Release|Any CPU
		{D7E23812-906D-7A10-978D-27F3E14781E9}.Release|Any CPU.Build.0 = Release|Any CPU
		{352B579D-DD31-CC49-06A7-3D0F656ECC54}.Debug|Any CPU.ActiveCfg = Debug|Any CPU
		{352B579D-DD31-CC49-06A7-3D0F656ECC54}.Debug|Any CPU.Build.0 = Debug|Any CPU
		{352B579D-DD31-CC49-06A7-3D0F656ECC54}.Release|Any CPU.ActiveCfg = Release|Any CPU
		{352B579D-DD31-CC49-06A7-3D0F656ECC54}.Release|Any CPU.Build.0 = Release|Any CPU
		{80825FA1-08BF-23D5-F2C8-3FBCE86F84DC}.Debug|Any CPU.ActiveCfg = Debug|Any CPU
		{80825FA1-08BF-23D5-F2C8-3FBCE86F84DC}.Debug|Any CPU.Build.0 = Debug|Any CPU
		{80825FA1-08BF-23D5-F2C8-3FBCE86F84DC}.Release|Any CPU.ActiveCfg = Release|Any CPU
		{80825FA1-08BF-23D5-F2C8-3FBCE86F84DC}.Release|Any CPU.Build.0 = Release|Any CPU
	EndGlobalSection
	GlobalSection(SolutionProperties) = preSolution
		HideSolutionNode = FALSE
	EndGlobalSection
EndGlobal
